
Microsoft Visual Studio Solution File, Format Version 12.00
# Visual Studio Version 17
VisualStudioVersion = 17.7.34031.279
MinimumVisualStudioVersion = 10.0.40219.1
Project("{8BC9CEB8-8B4A-11D0-8D11-00A0C91BC942}") = "DSA_recursion", "DSA_recursion.vcxproj", "{A912263E-1FA6-4197-B4D0-44ACBC401D47}"
EndProject
Global
	GlobalSection(SolutionConfigurationPlatforms) = preSolution
		Debug|x64 = Debug|x64
		Debug|x86 = Debug|x86
		Release|x64 = Release|x64
		Release|x86 = Release|x86
	EndGlobalSection
	GlobalSection(ProjectConfigurationPlatforms) = postSolution
		{A912263E-1FA6-4197-B4D0-44ACBC401D47}.Debug|x64.ActiveCfg = Debug|x64
		{A912263E-1FA6-4197-B4D0-44ACBC401D47}.Debug|x64.Build.0 = Debug|x64
		{A912263E-1FA6-4197-B4D0-44ACBC401D47}.Debug|x86.ActiveCfg = Debug|Win32
		{A912263E-1FA6-4197-B4D0-44ACBC401D47}.Debug|x86.Build.0 = Debug|Win32
		{A912263E-1FA6-4197-B4D0-44ACBC401D47}.Release|x64.ActiveCfg = Release|x64
		{A912263E-1FA6-4197-B4D0-44ACBC401D47}.Release|x64.Build.0 = Release|x64
		{A912263E-1FA6-4197-B4D0-44ACBC401D47}.Release|x86.ActiveCfg = Release|Win32
		{A912263E-1FA6-4197-B4D0-44ACBC401D47}.Release|x86.Build.0 = Release|Win32
	EndGlobalSection
	GlobalSection(SolutionProperties) = preSolution
		HideSolutionNode = FALSE
	EndGlobalSection
	GlobalSection(ExtensibilityGlobals) = postSolution
		SolutionGuid = {967DE708-7F59-4235-9BF6-B7AE3C8F6838}
	EndGlobalSection
EndGlobal
